
Microsoft Visual Studio Solution File, Format Version 12.00
# Visual Studio Version 17
VisualStudioVersion = 17.0.31903.59
MinimumVisualStudioVersion = 10.0.40219.1
Project("{FAE04EC0-301F-11D3-BF4B-00C04F79EFBC}") = "Piece.Framework", "src\csharp\Piece.Framework\Piece.Framework.csproj", "{C6B0D9F5-A379-4B2C-B1D6-0AC543699773}"
EndProject
Project("{FAE04EC0-301F-11D3-BF4B-00C04F79EFBC}") = "Piece.Editor", "src\csharp\Piece.Editor\Piece.Editor.csproj", "{3E390D2C-5665-4A31-A9DC-C04132111699}"
EndProject
Project("{FAE04EC0-301F-11D3-BF4B-00C04F79EFBC}") = "Piece.Core.Abstractions", "src\csharp\Piece.Core.Abstractions\Piece.Core.Abstractions.csproj", "{5C017C5E-7FFA-4DC0-894D-E64F62E898C9}"
EndProject
Project("{FAE04EC0-301F-11D3-BF4B-00C04F79EFBC}") = "Piece.Core.Interop", "src\csharp\Piece.Core.Interop\Piece.Core.Interop.csproj", "{F74EC89C-06E0-4553-A921-B957EC2B54B6}"
EndProject
Project("{FAE04EC0-301F-11D3-BF4B-00C04F79EFBC}") = "Piece.Tests", "tests\csharp\Piece.Tests\Piece.Tests.csproj", "{F65FA44B-F0F1-44E8-888D-D101E1EA3A2B}"
EndProject
Global
	GlobalSection(SolutionConfigurationPlatforms) = preSolution
		Debug|Any CPU = Debug|Any CPU
		Debug|x64 = Debug|x64
		Debug|x86 = Debug|x86
		Release|Any CPU = Release|Any CPU
		Release|x64 = Release|x64
		Release|x86 = Release|x86
	EndGlobalSection
	GlobalSection(ProjectConfigurationPlatforms) = postSolution
		{C6B0D9F5-A379-4B2C-B1D6-0AC543699773}.Debug|Any CPU.ActiveCfg = Debug|Any CPU
		{C6B0D9F5-A379-4B2C-B1D6-0AC543699773}.Debug|Any CPU.Build.0 = Debug|Any CPU
		{C6B0D9F5-A379-4B2C-B1D6-0AC543699773}.Debug|x64.ActiveCfg = Debug|Any CPU
		{C6B0D9F5-A379-4B2C-B1D6-0AC543699773}.Debug|x64.Build.0 = Debug|Any CPU
		{C6B0D9F5-A379-4B2C-B1D6-0AC543699773}.Debug|x86.ActiveCfg = Debug|Any CPU
		{C6B0D9F5-A379-4B2C-B1D6-0AC543699773}.Debug|x86.Build.0 = Debug|Any CPU
		{C6B0D9F5-A379-4B2C-B1D6-0AC543699773}.Release|Any CPU.ActiveCfg = Release|Any CPU
		{C6B0D9F5-A379-4B2C-B1D6-0AC543699773}.Release|Any CPU.Build.0 = Release|Any CPU
		{C6B0D9F5-A379-4B2C-B1D6-0AC543699773}.Release|x64.ActiveCfg = Release|Any CPU
		{C6B0D9F5-A379-4B2C-B1D6-0AC543699773}.Release|x64.Build.0 = Release|Any CPU
		{C6B0D9F5-A379-4B2C-B1D6-0AC543699773}.Release|x86.ActiveCfg = Release|Any CPU
		{C6B0D9F5-A379-4B2C-B1D6-0AC543699773}.Release|x86.Build.0 = Release|Any CPU
		{3E390D2C-5665-4A31-A9DC-C04132111699}.Debug|Any CPU.ActiveCfg = Debug|Any CPU
		{3E390D2C-5665-4A31-A9DC-C04132111699}.Debug|Any CPU.Build.0 = Debug|Any CPU
		{3E390D2C-5665-4A31-A9DC-C04132111699}.Debug|x64.ActiveCfg = Debug|Any CPU
		{3E390D2C-5665-4A31-A9DC-C04132111699}.Debug|x64.Build.0 = Debug|Any CPU
		{3E390D2C-5665-4A31-A9DC-C04132111699}.Debug|x86.ActiveCfg = Debug|Any CPU
		{3E390D2C-5665-4A31-A9DC-C04132111699}.Debug|x86.Build.0 = Debug|Any CPU
		{3E390D2C-5665-4A31-A9DC-C04132111699}.Release|Any CPU.ActiveCfg = Release|Any CPU
		{3E390D2C-5665-4A31-A9DC-C04132111699}.Release|Any CPU.Build.0 = Release|Any CPU
		{3E390D2C-5665-4A31-A9DC-C04132111699}.Release|x64.ActiveCfg = Release|Any CPU
		{3E390D2C-5665-4A31-A9DC-C04132111699}.Release|x64.Build.0 = Release|Any CPU
		{3E390D2C-5665-4A31-A9DC-C04132111699}.Release|x86.ActiveCfg = Release|Any CPU
		{3E390D2C-5665-4A31-A9DC-C04132111699}.Release|x86.Build.0 = Release|Any CPU
		{5C017C5E-7FFA-4DC0-894D-E64F62E898C9}.Debug|Any CPU.ActiveCfg = Debug|Any CPU
		{5C017C5E-7FFA-4DC0-894D-E64F62E898C9}.Debug|Any CPU.Build.0 = Debug|Any CPU
		{5C017C5E-7FFA-4DC0-894D-E64F62E898C9}.Debug|x64.ActiveCfg = Debug|Any CPU
		{5C017C5E-7FFA-4DC0-894D-E64F62E898C9}.Debug|x64.Build.0 = Debug|Any CPU
		{5C017C5E-7FFA-4DC0-894D-E64F62E898C9}.Debug|x86.ActiveCfg = Debug|Any CPU
		{5C017C5E-7FFA-4DC0-894D-E64F62E898C9}.Debug|x86.Build.0 = Debug|Any CPU
		{5C017C5E-7FFA-4DC0-894D-E64F62E898C9}.Release|Any CPU.ActiveCfg = Release|Any CPU
		{5C017C5E-7FFA-4DC0-894D-E64F62E898C9}.Release|Any CPU.Build.0 = Release|Any CPU
		{5C017C5E-7FFA-4DC0-894D-E64F62E898C9}.Release|x64.ActiveCfg = Release|Any CPU
		{5C017C5E-7FFA-4DC0-894D-E64F62E898C9}.Release|x64.Build.0 = Release|Any CPU
		{5C017C5E-7FFA-4DC0-894D-E64F62E898C9}.Release|x86.ActiveCfg = Release|Any CPU
		{5C017C5E-7FFA-4DC0-894D-E64F62E898C9}.Release|x86.Build.0 = Release|Any CPU
		{F74EC89C-06E0-4553-A921-B957EC2B54B6}.Debug|Any CPU.ActiveCfg = Debug|Any CPU
		{F74EC89C-06E0-4553-A921-B957EC2B54B6}.Debug|Any CPU.Build.0 = Debug|Any CPU
		{F74EC89C-06E0-4553-A921-B957EC2B54B6}.Debug|x64.ActiveCfg = Debug|Any CPU
		{F74EC89C-06E0-4553-A921-B957EC2B54B6}.Debug|x64.Build.0 = Debug|Any CPU
		{F74EC89C-06E0-4553-A921-B957EC2B54B6}.Debug|x86.ActiveCfg = Debug|Any CPU
		{F74EC89C-06E0-4553-A921-B957EC2B54B6}.Debug|x86.Build.0 = Debug|Any CPU
		{F74EC89C-06E0-4553-A921-B957EC2B54B6}.Release|Any CPU.ActiveCfg = Release|Any CPU
		{F74EC89C-06E0-4553-A921-B957EC2B54B6}.Release|Any CPU.Build.0 = Release|Any CPU
		{F74EC89C-06E0-4553-A921-B957EC2B54B6}.Release|x64.ActiveCfg = Release|Any CPU
		{F74EC89C-06E0-4553-A921-B957EC2B54B6}.Release|x64.Build.0 = Release|Any CPU
		{F74EC89C-06E0-4553-A921-B957EC2B54B6}.Release|x86.ActiveCfg = Release|Any CPU
		{F74EC89C-06E0-4553-A921-B957EC2B54B6}.Release|x86.Build.0 = Release|Any CPU
		{F65FA44B-F0F1-44E8-888D-D101E1EA3A2B}.Debug|Any CPU.ActiveCfg = Debug|Any CPU
		{F65FA44B-F0F1-44E8-888D-D101E1EA3A2B}.Debug|Any CPU.Build.0 = Debug|Any CPU
		{F65FA44B-F0F1-44E8-888D-D101E1EA3A2B}.Debug|x64.ActiveCfg = Debug|Any CPU
		{F65FA44B-F0F1-44E8-888D-D101E1EA3A2B}.Debug|x64.Build.0 = Debug|Any CPU
		{F65FA44B-F0F1-44E8-888D-D101E1EA3A2B}.Debug|x86.ActiveCfg = Debug|Any CPU
		{F65FA44B-F0F1-44E8-888D-D101E1EA3A2B}.Debug|x86.Build.0 = Debug|Any CPU
		{F65FA44B-F0F1-44E8-888D-D101E1EA3A2B}.Release|Any CPU.ActiveCfg = Release|Any CPU
		{F65FA44B-F0F1-44E8-888D-D101E1EA3A2B}.Release|Any CPU.Build.0 = Release|Any CPU
		{F65FA44B-F0F1-44E8-888D-D101E1EA3A2B}.Release|x64.ActiveCfg = Release|Any CPU
		{F65FA44B-F0F1-44E8-888D-D101E1EA3A2B}.Release|x64.Build.0 = Release|Any CPU
		{F65FA44B-F0F1-44E8-888D-D101E1EA3A2B}.Release|x86.ActiveCfg = Release|Any CPU
		{F65FA44B-F0F1-44E8-888D-D101E1EA3A2B}.Release|x86.Build.0 = Release|Any CPU
	EndGlobalSection
	GlobalSection(SolutionProperties) = preSolution
		HideSolutionNode = FALSE
	EndGlobalSection
EndGlobal
